// !$*UTF8*$!
{
	archiveVersion = 1;
	classes = {
	};
	objectVersion = 50;
	objects = {

/* Begin PBXBuildFile section */
		8484BBB4226932A400C20E40 /* ServiceProtocol.swift in Sources */ = {isa = PBXBuildFile; fileRef = 8484BBB3226932A400C20E40 /* ServiceProtocol.swift */; };
		8484BBB72269332C00C20E40 /* MockServiceManager.swift in Sources */ = {isa = PBXBuildFile; fileRef = 8484BBB62269332C00C20E40 /* MockServiceManager.swift */; };
		8484BBB922693B4300C20E40 /* TestServiceManager.swift in Sources */ = {isa = PBXBuildFile; fileRef = 8484BBB822693B4300C20E40 /* TestServiceManager.swift */; };
		8484BBBC226941F900C20E40 /* ContactDetalModel.swift in Sources */ = {isa = PBXBuildFile; fileRef = 8484BBBB226941F900C20E40 /* ContactDetalModel.swift */; };
		8484BBBE2269424700C20E40 /* DetailViewModelProtocol.swift in Sources */ = {isa = PBXBuildFile; fileRef = 8484BBBD2269424700C20E40 /* DetailViewModelProtocol.swift */; };
		84C5F672226247710090B87B /* AppDelegate.swift in Sources */ = {isa = PBXBuildFile; fileRef = 84C5F671226247710090B87B /* AppDelegate.swift */; };
		84C5F677226247710090B87B /* Main.storyboard in Resources */ = {isa = PBXBuildFile; fileRef = 84C5F675226247710090B87B /* Main.storyboard */; };
		84C5F6792262477B0090B87B /* Assets.xcassets in Resources */ = {isa = PBXBuildFile; fileRef = 84C5F6782262477B0090B87B /* Assets.xcassets */; };
		84C5F67C2262477B0090B87B /* LaunchScreen.storyboard in Resources */ = {isa = PBXBuildFile; fileRef = 84C5F67A2262477B0090B87B /* LaunchScreen.storyboard */; };
		84C5F6872262477B0090B87B /* SolsticeSwift4Tests.swift in Sources */ = {isa = PBXBuildFile; fileRef = 84C5F6862262477B0090B87B /* SolsticeSwift4Tests.swift */; };
		84C5F6A8226248A60090B87B /* DDBarLoader.swift in Sources */ = {isa = PBXBuildFile; fileRef = 84C5F6A5226248A50090B87B /* DDBarLoader.swift */; };
		84C5F6A9226248A60090B87B /* Services.swift in Sources */ = {isa = PBXBuildFile; fileRef = 84C5F6A7226248A60090B87B /* Services.swift */; };
		84C5F6AB226248C00090B87B /* HomeViewController.swift in Sources */ = {isa = PBXBuildFile; fileRef = 84C5F6AA226248C00090B87B /* HomeViewController.swift */; };
		84C5F6B122666C840090B87B /* DetailViewController.swift in Sources */ = {isa = PBXBuildFile; fileRef = 84C5F6B022666C840090B87B /* DetailViewController.swift */; };
		84C5F6B52266A4390090B87B /* TableViewCellDetailHeader.swift in Sources */ = {isa = PBXBuildFile; fileRef = 84C5F6B32266A4390090B87B /* TableViewCellDetailHeader.swift */; };
		84C5F6B62266A4390090B87B /* TableViewCellDetailHeader.xib in Resources */ = {isa = PBXBuildFile; fileRef = 84C5F6B42266A4390090B87B /* TableViewCellDetailHeader.xib */; };
		84C5F6BA22678CD70090B87B /* TableViewCellThreeLabel.swift in Sources */ = {isa = PBXBuildFile; fileRef = 84C5F6B822678CD70090B87B /* TableViewCellThreeLabel.swift */; };
		84C5F6BB22678CD70090B87B /* TableViewCellThreeLabel.xib in Resources */ = {isa = PBXBuildFile; fileRef = 84C5F6B922678CD70090B87B /* TableViewCellThreeLabel.xib */; };
		84C9648B22680EF2009A255F /* DetailViewModel.swift in Sources */ = {isa = PBXBuildFile; fileRef = 84C9648A22680EF2009A255F /* DetailViewModel.swift */; };
		84C9648E22682139009A255F /* ExtensionsAndConstants.swift in Sources */ = {isa = PBXBuildFile; fileRef = 84C9648D22682139009A255F /* ExtensionsAndConstants.swift */; };
		84C964962268D15E009A255F /* ContactListModel.swift in Sources */ = {isa = PBXBuildFile; fileRef = 84C964952268D15E009A255F /* ContactListModel.swift */; };
		84C964982268D16B009A255F /* ContactListViewModelContract.swift in Sources */ = {isa = PBXBuildFile; fileRef = 84C964972268D16B009A255F /* ContactListViewModelContract.swift */; };
		84C9649A2268D175009A255F /* ContactListViewModel.swift in Sources */ = {isa = PBXBuildFile; fileRef = 84C964992268D175009A255F /* ContactListViewModel.swift */; };
		84C9649C2268D17F009A255F /* ContactListViewController.swift in Sources */ = {isa = PBXBuildFile; fileRef = 84C9649B2268D17F009A255F /* ContactListViewController.swift */; };
		84C9649F2268D1D2009A255F /* StoryboardContacts.storyboard in Resources */ = {isa = PBXBuildFile; fileRef = 84C9649E2268D1D2009A255F /* StoryboardContacts.storyboard */; };
		84C964A32268E87B009A255F /* TableViewCellRegisterList.swift in Sources */ = {isa = PBXBuildFile; fileRef = 84C964A12268E87B009A255F /* TableViewCellRegisterList.swift */; };
		84C964A62268E8E2009A255F /* TableViewCellRegisterList.xib in Resources */ = {isa = PBXBuildFile; fileRef = 84C964A52268E8E1009A255F /* TableViewCellRegisterList.xib */; };
		84C964A82268FC99009A255F /* basicAnimation.swift in Sources */ = {isa = PBXBuildFile; fileRef = 84C964A72268FC99009A255F /* basicAnimation.swift */; };
		84C964AA2269219B009A255F /* TestDetailViewModel.swift in Sources */ = {isa = PBXBuildFile; fileRef = 84C964A92269219B009A255F /* TestDetailViewModel.swift */; };
/* End PBXBuildFile section */

/* Begin PBXContainerItemProxy section */
		84C5F6832262477B0090B87B /* PBXContainerItemProxy */ = {
			isa = PBXContainerItemProxy;
			containerPortal = 84C5F666226247710090B87B /* Project object */;
			proxyType = 1;
			remoteGlobalIDString = 84C5F66D226247710090B87B;
			remoteInfo = SolsticeSwift4;
		};
/* End PBXContainerItemProxy section */

/* Begin PBXFileReference section */
		8484BBB3226932A400C20E40 /* ServiceProtocol.swift */ = {isa = PBXFileReference; lastKnownFileType = sourcecode.swift; path = ServiceProtocol.swift; sourceTree = "<group>"; };
		8484BBB62269332C00C20E40 /* MockServiceManager.swift */ = {isa = PBXFileReference; lastKnownFileType = sourcecode.swift; path = MockServiceManager.swift; sourceTree = "<group>"; };
		8484BBB822693B4300C20E40 /* TestServiceManager.swift */ = {isa = PBXFileReference; lastKnownFileType = sourcecode.swift; path = TestServiceManager.swift; sourceTree = "<group>"; };
		8484BBBB226941F900C20E40 /* ContactDetalModel.swift */ = {isa = PBXFileReference; lastKnownFileType = sourcecode.swift; path = ContactDetalModel.swift; sourceTree = "<group>"; };
		8484BBBD2269424700C20E40 /* DetailViewModelProtocol.swift */ = {isa = PBXFileReference; lastKnownFileType = sourcecode.swift; path = DetailViewModelProtocol.swift; sourceTree = "<group>"; };
		84C5F66E226247710090B87B /* SolsticeSwift4.app */ = {isa = PBXFileReference; explicitFileType = wrapper.application; includeInIndex = 0; path = SolsticeSwift4.app; sourceTree = BUILT_PRODUCTS_DIR; };
		84C5F671226247710090B87B /* AppDelegate.swift */ = {isa = PBXFileReference; lastKnownFileType = sourcecode.swift; path = AppDelegate.swift; sourceTree = "<group>"; };
		84C5F676226247710090B87B /* Base */ = {isa = PBXFileReference; lastKnownFileType = file.storyboard; name = Base; path = Base.lproj/Main.storyboard; sourceTree = "<group>"; };
		84C5F6782262477B0090B87B /* Assets.xcassets */ = {isa = PBXFileReference; lastKnownFileType = folder.assetcatalog; path = Assets.xcassets; sourceTree = "<group>"; };
		84C5F67B2262477B0090B87B /* Base */ = {isa = PBXFileReference; lastKnownFileType = file.storyboard; name = Base; path = Base.lproj/LaunchScreen.storyboard; sourceTree = "<group>"; };
		84C5F67D2262477B0090B87B /* Info.plist */ = {isa = PBXFileReference; lastKnownFileType = text.plist.xml; path = Info.plist; sourceTree = "<group>"; };
		84C5F6822262477B0090B87B /* SolsticeSwift4Tests.xctest */ = {isa = PBXFileReference; explicitFileType = wrapper.cfbundle; includeInIndex = 0; path = SolsticeSwift4Tests.xctest; sourceTree = BUILT_PRODUCTS_DIR; };
		84C5F6862262477B0090B87B /* SolsticeSwift4Tests.swift */ = {isa = PBXFileReference; lastKnownFileType = sourcecode.swift; path = SolsticeSwift4Tests.swift; sourceTree = "<group>"; };
		84C5F6882262477B0090B87B /* Info.plist */ = {isa = PBXFileReference; lastKnownFileType = text.plist.xml; path = Info.plist; sourceTree = "<group>"; };
		84C5F6A5226248A50090B87B /* DDBarLoader.swift */ = {isa = PBXFileReference; fileEncoding = 4; lastKnownFileType = sourcecode.swift; path = DDBarLoader.swift; sourceTree = "<group>"; };
		84C5F6A7226248A60090B87B /* Services.swift */ = {isa = PBXFileReference; fileEncoding = 4; lastKnownFileType = sourcecode.swift; path = Services.swift; sourceTree = "<group>"; };
		84C5F6AA226248C00090B87B /* HomeViewController.swift */ = {isa = PBXFileReference; fileEncoding = 4; lastKnownFileType = sourcecode.swift; path = HomeViewController.swift; sourceTree = "<group>"; };
		84C5F6B022666C840090B87B /* DetailViewController.swift */ = {isa = PBXFileReference; lastKnownFileType = sourcecode.swift; path = DetailViewController.swift; sourceTree = "<group>"; };
		84C5F6B32266A4390090B87B /* TableViewCellDetailHeader.swift */ = {isa = PBXFileReference; lastKnownFileType = sourcecode.swift; path = TableViewCellDetailHeader.swift; sourceTree = "<group>"; };
		84C5F6B42266A4390090B87B /* TableViewCellDetailHeader.xib */ = {isa = PBXFileReference; lastKnownFileType = file.xib; path = TableViewCellDetailHeader.xib; sourceTree = "<group>"; };
		84C5F6B822678CD70090B87B /* TableViewCellThreeLabel.swift */ = {isa = PBXFileReference; lastKnownFileType = sourcecode.swift; path = TableViewCellThreeLabel.swift; sourceTree = "<group>"; };
		84C5F6B922678CD70090B87B /* TableViewCellThreeLabel.xib */ = {isa = PBXFileReference; lastKnownFileType = file.xib; path = TableViewCellThreeLabel.xib; sourceTree = "<group>"; };
		84C9648A22680EF2009A255F /* DetailViewModel.swift */ = {isa = PBXFileReference; lastKnownFileType = sourcecode.swift; path = DetailViewModel.swift; sourceTree = "<group>"; };
		84C9648D22682139009A255F /* ExtensionsAndConstants.swift */ = {isa = PBXFileReference; lastKnownFileType = sourcecode.swift; path = ExtensionsAndConstants.swift; sourceTree = "<group>"; };
		84C964952268D15E009A255F /* ContactListModel.swift */ = {isa = PBXFileReference; lastKnownFileType = sourcecode.swift; path = ContactListModel.swift; sourceTree = "<group>"; };
		84C964972268D16B009A255F /* ContactListViewModelContract.swift */ = {isa = PBXFileReference; lastKnownFileType = sourcecode.swift; path = ContactListViewModelContract.swift; sourceTree = "<group>"; };
		84C964992268D175009A255F /* ContactListViewModel.swift */ = {isa = PBXFileReference; lastKnownFileType = sourcecode.swift; path = ContactListViewModel.swift; sourceTree = "<group>"; };
		84C9649B2268D17F009A255F /* ContactListViewController.swift */ = {isa = PBXFileReference; lastKnownFileType = sourcecode.swift; path = ContactListViewController.swift; sourceTree = "<group>"; };
		84C9649E2268D1D2009A255F /* StoryboardContacts.storyboard */ = {isa = PBXFileReference; lastKnownFileType = file.storyboard; path = StoryboardContacts.storyboard; sourceTree = "<group>"; };
		84C964A12268E87B009A255F /* TableViewCellRegisterList.swift */ = {isa = PBXFileReference; fileEncoding = 4; lastKnownFileType = sourcecode.swift; path = TableViewCellRegisterList.swift; sourceTree = "<group>"; };
		84C964A52268E8E1009A255F /* TableViewCellRegisterList.xib */ = {isa = PBXFileReference; fileEncoding = 4; lastKnownFileType = file.xib; path = TableViewCellRegisterList.xib; sourceTree = "<group>"; };
		84C964A72268FC99009A255F /* basicAnimation.swift */ = {isa = PBXFileReference; lastKnownFileType = sourcecode.swift; path = basicAnimation.swift; sourceTree = "<group>"; };
		84C964A92269219B009A255F /* TestDetailViewModel.swift */ = {isa = PBXFileReference; lastKnownFileType = sourcecode.swift; path = TestDetailViewModel.swift; sourceTree = "<group>"; };
/* End PBXFileReference section */

/* Begin PBXFrameworksBuildPhase section */
		84C5F66B226247710090B87B /* Frameworks */ = {
			isa = PBXFrameworksBuildPhase;
			buildActionMask = 2147483647;
			files = (
			);
			runOnlyForDeploymentPostprocessing = 0;
		};
		84C5F67F2262477B0090B87B /* Frameworks */ = {
			isa = PBXFrameworksBuildPhase;
			buildActionMask = 2147483647;
			files = (
			);
			runOnlyForDeploymentPostprocessing = 0;
		};
/* End PBXFrameworksBuildPhase section */

/* Begin PBXGroup section */
		8484BBB52269330800C20E40 /* Mocks */ = {
			isa = PBXGroup;
			children = (
				8484BBB62269332C00C20E40 /* MockServiceManager.swift */,
			);
			path = Mocks;
			sourceTree = "<group>";
		};
		8484BBBA226941E800C20E40 /* Model */ = {
			isa = PBXGroup;
			children = (
				8484BBBB226941F900C20E40 /* ContactDetalModel.swift */,
			);
			path = Model;
			sourceTree = "<group>";
		};
		8484BBBF226A281500C20E40 /* APIClient */ = {
			isa = PBXGroup;
			children = (
				8484BBB822693B4300C20E40 /* TestServiceManager.swift */,
				8484BBB52269330800C20E40 /* Mocks */,
			);
			path = APIClient;
			sourceTree = "<group>";
		};
		84C5F665226247710090B87B = {
			isa = PBXGroup;
			children = (
				84C5F670226247710090B87B /* SolsticeSwift4 */,
				84C5F6852262477B0090B87B /* SolsticeSwift4Tests */,
				84C5F66F226247710090B87B /* Products */,
			);
			sourceTree = "<group>";
		};
		84C5F66F226247710090B87B /* Products */ = {
			isa = PBXGroup;
			children = (
				84C5F66E226247710090B87B /* SolsticeSwift4.app */,
				84C5F6822262477B0090B87B /* SolsticeSwift4Tests.xctest */,
			);
			name = Products;
			sourceTree = "<group>";
		};
		84C5F670226247710090B87B /* SolsticeSwift4 */ = {
			isa = PBXGroup;
			children = (
				84C5F671226247710090B87B /* AppDelegate.swift */,
				84C5F6AA226248C00090B87B /* HomeViewController.swift */,
				84C5F675226247710090B87B /* Main.storyboard */,
				84C9648C2268212A009A255F /* Common */,
				84C5F6A6226248A60090B87B /* Services */,
				84C9649D2268D1B4009A255F /* Contacts */,
				84C5F6782262477B0090B87B /* Assets.xcassets */,
				84C5F67A2262477B0090B87B /* LaunchScreen.storyboard */,
				84C5F67D2262477B0090B87B /* Info.plist */,
			);
			path = SolsticeSwift4;
			sourceTree = "<group>";
		};
		84C5F6852262477B0090B87B /* SolsticeSwift4Tests */ = {
			isa = PBXGroup;
			children = (
				8484BBBF226A281500C20E40 /* APIClient */,
				84C5F6862262477B0090B87B /* SolsticeSwift4Tests.swift */,
				84C964A92269219B009A255F /* TestDetailViewModel.swift */,
				84C5F6882262477B0090B87B /* Info.plist */,
			);
			path = SolsticeSwift4Tests;
			sourceTree = "<group>";
		};
		84C5F6A3226248A50090B87B /* MyCustomViews */ = {
			isa = PBXGroup;
			children = (
				84C5F6A4226248A50090B87B /* BarLoader */,
			);
			path = MyCustomViews;
			sourceTree = "<group>";
		};
		84C5F6A4226248A50090B87B /* BarLoader */ = {
			isa = PBXGroup;
			children = (
				84C5F6A5226248A50090B87B /* DDBarLoader.swift */,
			);
			path = BarLoader;
			sourceTree = "<group>";
		};
		84C5F6A6226248A60090B87B /* Services */ = {
			isa = PBXGroup;
			children = (
				84C5F6A7226248A60090B87B /* Services.swift */,
				8484BBB3226932A400C20E40 /* ServiceProtocol.swift */,
			);
			path = Services;
			sourceTree = "<group>";
		};
		84C5F6AC226649080090B87B /* ContanctDetail */ = {
			isa = PBXGroup;
			children = (
				8484BBBA226941E800C20E40 /* Model */,
				84C5F6AE2266491C0090B87B /* ViewModel */,
				84C5F6AD226649170090B87B /* View */,
			);
			path = ContanctDetail;
			sourceTree = "<group>";
		};
		84C5F6AD226649170090B87B /* View */ = {
			isa = PBXGroup;
			children = (
				84C964902268231B009A255F /* Cells */,
				84C5F6B022666C840090B87B /* DetailViewController.swift */,
			);
			path = View;
			sourceTree = "<group>";
		};
		84C5F6AE2266491C0090B87B /* ViewModel */ = {
			isa = PBXGroup;
			children = (
				84C9648A22680EF2009A255F /* DetailViewModel.swift */,
				8484BBBD2269424700C20E40 /* DetailViewModelProtocol.swift */,
			);
			path = ViewModel;
			sourceTree = "<group>";
		};
		84C5F6B22266A4180090B87B /* HeaderCell */ = {
			isa = PBXGroup;
			children = (
				84C5F6B32266A4390090B87B /* TableViewCellDetailHeader.swift */,
				84C5F6B42266A4390090B87B /* TableViewCellDetailHeader.xib */,
			);
			path = HeaderCell;
			sourceTree = "<group>";
		};
		84C5F6B722678C8E0090B87B /* ThreeLabelCell */ = {
			isa = PBXGroup;
			children = (
				84C5F6B822678CD70090B87B /* TableViewCellThreeLabel.swift */,
				84C5F6B922678CD70090B87B /* TableViewCellThreeLabel.xib */,
			);
			path = ThreeLabelCell;
			sourceTree = "<group>";
		};
		84C9648C2268212A009A255F /* Common */ = {
			isa = PBXGroup;
			children = (
				84C9648D22682139009A255F /* ExtensionsAndConstants.swift */,
				84C5F6A3226248A50090B87B /* MyCustomViews */,
				84C964A72268FC99009A255F /* basicAnimation.swift */,
			);
			path = Common;
			sourceTree = "<group>";
		};
		84C964902268231B009A255F /* Cells */ = {
			isa = PBXGroup;
			children = (
				84C5F6B722678C8E0090B87B /* ThreeLabelCell */,
				84C5F6B22266A4180090B87B /* HeaderCell */,
			);
			path = Cells;
			sourceTree = "<group>";
		};
		84C964912268D116009A255F /* ContactList */ = {
			isa = PBXGroup;
			children = (
				84C964942268D14A009A255F /* Model */,
				84C964932268D144009A255F /* ViewModel */,
				84C964922268D13F009A255F /* View */,
			);
			path = ContactList;
			sourceTree = "<group>";
		};
		84C964922268D13F009A255F /* View */ = {
			isa = PBXGroup;
			children = (
				84C964A42268E880009A255F /* Cells */,
				84C9649B2268D17F009A255F /* ContactListViewController.swift */,
			);
			path = View;
			sourceTree = "<group>";
		};
		84C964932268D144009A255F /* ViewModel */ = {
			isa = PBXGroup;
			children = (
				84C964972268D16B009A255F /* ContactListViewModelContract.swift */,
				84C964992268D175009A255F /* ContactListViewModel.swift */,
			);
			path = ViewModel;
			sourceTree = "<group>";
		};
		84C964942268D14A009A255F /* Model */ = {
			isa = PBXGroup;
			children = (
				84C964952268D15E009A255F /* ContactListModel.swift */,
			);
			path = Model;
			sourceTree = "<group>";
		};
		84C9649D2268D1B4009A255F /* Contacts */ = {
			isa = PBXGroup;
			children = (
				84C9649E2268D1D2009A255F /* StoryboardContacts.storyboard */,
				84C964912268D116009A255F /* ContactList */,
				84C5F6AC226649080090B87B /* ContanctDetail */,
			);
			path = Contacts;
			sourceTree = "<group>";
		};
		84C964A42268E880009A255F /* Cells */ = {
			isa = PBXGroup;
			children = (
				84C964A12268E87B009A255F /* TableViewCellRegisterList.swift */,
				84C964A52268E8E1009A255F /* TableViewCellRegisterList.xib */,
			);
			path = Cells;
			sourceTree = "<group>";
		};
/* End PBXGroup section */

/* Begin PBXNativeTarget section */
		84C5F66D226247710090B87B /* SolsticeSwift4 */ = {
			isa = PBXNativeTarget;
			buildConfigurationList = 84C5F68B2262477B0090B87B /* Build configuration list for PBXNativeTarget "SolsticeSwift4" */;
			buildPhases = (
				84C5F66A226247710090B87B /* Sources */,
				84C5F66B226247710090B87B /* Frameworks */,
				84C5F66C226247710090B87B /* Resources */,
			);
			buildRules = (
			);
			dependencies = (
			);
			name = SolsticeSwift4;
			productName = SolsticeSwift4;
			productReference = 84C5F66E226247710090B87B /* SolsticeSwift4.app */;
			productType = "com.apple.product-type.application";
		};
		84C5F6812262477B0090B87B /* SolsticeSwift4Tests */ = {
			isa = PBXNativeTarget;
			buildConfigurationList = 84C5F68E2262477B0090B87B /* Build configuration list for PBXNativeTarget "SolsticeSwift4Tests" */;
			buildPhases = (
				84C5F67E2262477B0090B87B /* Sources */,
				84C5F67F2262477B0090B87B /* Frameworks */,
				84C5F6802262477B0090B87B /* Resources */,
			);
			buildRules = (
			);
			dependencies = (
				84C5F6842262477B0090B87B /* PBXTargetDependency */,
			);
			name = SolsticeSwift4Tests;
			productName = SolsticeSwift4Tests;
			productReference = 84C5F6822262477B0090B87B /* SolsticeSwift4Tests.xctest */;
			productType = "com.apple.product-type.bundle.unit-test";
		};
/* End PBXNativeTarget section */

/* Begin PBXProject section */
		84C5F666226247710090B87B /* Project object */ = {
			isa = PBXProject;
			attributes = {
				LastSwiftUpdateCheck = 1010;
				LastUpgradeCheck = 1010;
				ORGANIZATIONNAME = "Gomez David Diego";
				TargetAttributes = {
					84C5F66D226247710090B87B = {
						CreatedOnToolsVersion = 10.1;
					};
					84C5F6812262477B0090B87B = {
						CreatedOnToolsVersion = 10.1;
						TestTargetID = 84C5F66D226247710090B87B;
					};
				};
			};
			buildConfigurationList = 84C5F669226247710090B87B /* Build configuration list for PBXProject "SolsticeSwift4" */;
			compatibilityVersion = "Xcode 9.3";
			developmentRegion = en;
			hasScannedForEncodings = 0;
			knownRegions = (
				en,
				Base,
			);
			mainGroup = 84C5F665226247710090B87B;
			productRefGroup = 84C5F66F226247710090B87B /* Products */;
			projectDirPath = "";
			projectRoot = "";
			targets = (
				84C5F66D226247710090B87B /* SolsticeSwift4 */,
				84C5F6812262477B0090B87B /* SolsticeSwift4Tests */,
			);
		};
/* End PBXProject section */

/* Begin PBXResourcesBuildPhase section */
		84C5F66C226247710090B87B /* Resources */ = {
			isa = PBXResourcesBuildPhase;
			buildActionMask = 2147483647;
			files = (
				84C5F67C2262477B0090B87B /* LaunchScreen.storyboard in Resources */,
				84C5F6792262477B0090B87B /* Assets.xcassets in Resources */,
				84C5F6B62266A4390090B87B /* TableViewCellDetailHeader.xib in Resources */,
				84C5F677226247710090B87B /* Main.storyboard in Resources */,
				84C964A62268E8E2009A255F /* TableViewCellRegisterList.xib in Resources */,
				84C5F6BB22678CD70090B87B /* TableViewCellThreeLabel.xib in Resources */,
				84C9649F2268D1D2009A255F /* StoryboardContacts.storyboard in Resources */,
			);
			runOnlyForDeploymentPostprocessing = 0;
		};
		84C5F6802262477B0090B87B /* Resources */ = {
			isa = PBXResourcesBuildPhase;
			buildActionMask = 2147483647;
			files = (
			);
			runOnlyForDeploymentPostprocessing = 0;
		};
/* End PBXResourcesBuildPhase section */

/* Begin PBXSourcesBuildPhase section */
		84C5F66A226247710090B87B /* Sources */ = {
			isa = PBXSourcesBuildPhase;
			buildActionMask = 2147483647;
			files = (
				84C5F6A8226248A60090B87B /* DDBarLoader.swift in Sources */,
				84C9648E22682139009A255F /* ExtensionsAndConstants.swift in Sources */,
				8484BBBC226941F900C20E40 /* ContactDetalModel.swift in Sources */,
				84C964A82268FC99009A255F /* basicAnimation.swift in Sources */,
				8484BBB4226932A400C20E40 /* ServiceProtocol.swift in Sources */,
				84C5F672226247710090B87B /* AppDelegate.swift in Sources */,
				84C5F6AB226248C00090B87B /* HomeViewController.swift in Sources */,
				8484BBBE2269424700C20E40 /* DetailViewModelProtocol.swift in Sources */,
				84C5F6B122666C840090B87B /* DetailViewController.swift in Sources */,
				84C964A32268E87B009A255F /* TableViewCellRegisterList.swift in Sources */,
				84C9649A2268D175009A255F /* ContactListViewModel.swift in Sources */,
				84C5F6A9226248A60090B87B /* Services.swift in Sources */,
				84C9649C2268D17F009A255F /* ContactListViewController.swift in Sources */,
				84C9648B22680EF2009A255F /* DetailViewModel.swift in Sources */,
				84C964982268D16B009A255F /* ContactListViewModelContract.swift in Sources */,
				84C5F6B52266A4390090B87B /* TableViewCellDetailHeader.swift in Sources */,
				84C5F6BA22678CD70090B87B /* TableViewCellThreeLabel.swift in Sources */,
				84C964962268D15E009A255F /* ContactListModel.swift in Sources */,
			);
			runOnlyForDeploymentPostprocessing = 0;
		};
		84C5F67E2262477B0090B87B /* Sources */ = {
			isa = PBXSourcesBuildPhase;
			buildActionMask = 2147483647;
			files = (
				84C5F6872262477B0090B87B /* SolsticeSwift4Tests.swift in Sources */,
				84C964AA2269219B009A255F /* TestDetailViewModel.swift in Sources */,
				8484BBB72269332C00C20E40 /* MockServiceManager.swift in Sources */,
				8484BBB922693B4300C20E40 /* TestServiceManager.swift in Sources */,
			);
			runOnlyForDeploymentPostprocessing = 0;
		};
/* End PBXSourcesBuildPhase section */

/* Begin PBXTargetDependency section */
		84C5F6842262477B0090B87B /* PBXTargetDependency */ = {
			isa = PBXTargetDependency;
			target = 84C5F66D226247710090B87B /* SolsticeSwift4 */;
			targetProxy = 84C5F6832262477B0090B87B /* PBXContainerItemProxy */;
		};
/* End PBXTargetDependency section */

/* Begin PBXVariantGroup section */
		84C5F675226247710090B87B /* Main.storyboard */ = {
			isa = PBXVariantGroup;
			children = (
				84C5F676226247710090B87B /* Base */,
			);
			name = Main.storyboard;
			sourceTree = "<group>";
		};
		84C5F67A2262477B0090B87B /* LaunchScreen.storyboard */ = {
			isa = PBXVariantGroup;
			children = (
				84C5F67B2262477B0090B87B /* Base */,
			);
			name = LaunchScreen.storyboard;
			sourceTree = "<group>";
		};
/* End PBXVariantGroup section */

/* Begin XCBuildConfiguration section */
		84C5F6892262477B0090B87B /* Debug */ = {
			isa = XCBuildConfiguration;
			buildSettings = {
				ALWAYS_SEARCH_USER_PATHS = NO;
				CLANG_ANALYZER_NONNULL = YES;
				CLANG_ANALYZER_NUMBER_OBJECT_CONVERSION = YES_AGGRESSIVE;
				CLANG_CXX_LANGUAGE_STANDARD = "gnu++14";
				CLANG_CXX_LIBRARY = "libc++";
				CLANG_ENABLE_MODULES = YES;
				CLANG_ENABLE_OBJC_ARC = YES;
				CLANG_ENABLE_OBJC_WEAK = YES;
				CLANG_WARN_BLOCK_CAPTURE_AUTORELEASING = YES;
				CLANG_WARN_BOOL_CONVERSION = YES;
				CLANG_WARN_COMMA = YES;
				CLANG_WARN_CONSTANT_CONVERSION = YES;
				CLANG_WARN_DEPRECATED_OBJC_IMPLEMENTATIONS = YES;
				CLANG_WARN_DIRECT_OBJC_ISA_USAGE = YES_ERROR;
				CLANG_WARN_DOCUMENTATION_COMMENTS = YES;
				CLANG_WARN_EMPTY_BODY = YES;
				CLANG_WARN_ENUM_CONVERSION = YES;
				CLANG_WARN_INFINITE_RECURSION = YES;
				CLANG_WARN_INT_CONVERSION = YES;
				CLANG_WARN_NON_LITERAL_NULL_CONVERSION = YES;
				CLANG_WARN_OBJC_IMPLICIT_RETAIN_SELF = YES;
				CLANG_WARN_OBJC_LITERAL_CONVERSION = YES;
				CLANG_WARN_OBJC_ROOT_CLASS = YES_ERROR;
				CLANG_WARN_RANGE_LOOP_ANALYSIS = YES;
				CLANG_WARN_STRICT_PROTOTYPES = YES;
				CLANG_WARN_SUSPICIOUS_MOVE = YES;
				CLANG_WARN_UNGUARDED_AVAILABILITY = YES_AGGRESSIVE;
				CLANG_WARN_UNREACHABLE_CODE = YES;
				CLANG_WARN__DUPLICATE_METHOD_MATCH = YES;
				CODE_SIGN_IDENTITY = "iPhone Developer";
				COPY_PHASE_STRIP = NO;
				DEBUG_INFORMATION_FORMAT = dwarf;
				ENABLE_STRICT_OBJC_MSGSEND = YES;
				ENABLE_TESTABILITY = YES;
				GCC_C_LANGUAGE_STANDARD = gnu11;
				GCC_DYNAMIC_NO_PIC = NO;
				GCC_NO_COMMON_BLOCKS = YES;
				GCC_OPTIMIZATION_LEVEL = 0;
				GCC_PREPROCESSOR_DEFINITIONS = (
					"DEBUG=1",
					"$(inherited)",
				);
				GCC_WARN_64_TO_32_BIT_CONVERSION = YES;
				GCC_WARN_ABOUT_RETURN_TYPE = YES_ERROR;
				GCC_WARN_UNDECLARED_SELECTOR = YES;
				GCC_WARN_UNINITIALIZED_AUTOS = YES_AGGRESSIVE;
				GCC_WARN_UNUSED_FUNCTION = YES;
				GCC_WARN_UNUSED_VARIABLE = YES;
				IPHONEOS_DEPLOYMENT_TARGET = 12.1;
				MTL_ENABLE_DEBUG_INFO = INCLUDE_SOURCE;
				MTL_FAST_MATH = YES;
				ONLY_ACTIVE_ARCH = YES;
				SDKROOT = iphoneos;
				SWIFT_ACTIVE_COMPILATION_CONDITIONS = DEBUG;
				SWIFT_OPTIMIZATION_LEVEL = "-Onone";
			};
			name = Debug;
		};
		84C5F68A2262477B0090B87B /* Release */ = {
			isa = XCBuildConfiguration;
			buildSettings = {
				ALWAYS_SEARCH_USER_PATHS = NO;
				CLANG_ANALYZER_NONNULL = YES;
				CLANG_ANALYZER_NUMBER_OBJECT_CONVERSION = YES_AGGRESSIVE;
				CLANG_CXX_LANGUAGE_STANDARD = "gnu++14";
				CLANG_CXX_LIBRARY = "libc++";
				CLANG_ENABLE_MODULES = YES;
				CLANG_ENABLE_OBJC_ARC = YES;
				CLANG_ENABLE_OBJC_WEAK = YES;
				CLANG_WARN_BLOCK_CAPTURE_AUTORELEASING = YES;
				CLANG_WARN_BOOL_CONVERSION = YES;
				CLANG_WARN_COMMA = YES;
				CLANG_WARN_CONSTANT_CONVERSION = YES;
				CLANG_WARN_DEPRECATED_OBJC_IMPLEMENTATIONS = YES;
				CLANG_WARN_DIRECT_OBJC_ISA_USAGE = YES_ERROR;
				CLANG_WARN_DOCUMENTATION_COMMENTS = YES;
				CLANG_WARN_EMPTY_BODY = YES;
				CLANG_WARN_ENUM_CONVERSION = YES;
				CLANG_WARN_INFINITE_RECURSION = YES;
				CLANG_WARN_INT_CONVERSION = YES;
				CLANG_WARN_NON_LITERAL_NULL_CONVERSION = YES;
				CLANG_WARN_OBJC_IMPLICIT_RETAIN_SELF = YES;
				CLANG_WARN_OBJC_LITERAL_CONVERSION = YES;
				CLANG_WARN_OBJC_ROOT_CLASS = YES_ERROR;
				CLANG_WARN_RANGE_LOOP_ANALYSIS = YES;
				CLANG_WARN_STRICT_PROTOTYPES = YES;
				CLANG_WARN_SUSPICIOUS_MOVE = YES;
				CLANG_WARN_UNGUARDED_AVAILABILITY = YES_AGGRESSIVE;
				CLANG_WARN_UNREACHABLE_CODE = YES;
				CLANG_WARN__DUPLICATE_METHOD_MATCH = YES;
				CODE_SIGN_IDENTITY = "iPhone Developer";
				COPY_PHASE_STRIP = NO;
				DEBUG_INFORMATION_FORMAT = "dwarf-with-dsym";
				ENABLE_NS_ASSERTIONS = NO;
				ENABLE_STRICT_OBJC_MSGSEND = YES;
				GCC_C_LANGUAGE_STANDARD = gnu11;
				GCC_NO_COMMON_BLOCKS = YES;
				GCC_WARN_64_TO_32_BIT_CONVERSION = YES;
				GCC_WARN_ABOUT_RETURN_TYPE = YES_ERROR;
				GCC_WARN_UNDECLARED_SELECTOR = YES;
				GCC_WARN_UNINITIALIZED_AUTOS = YES_AGGRESSIVE;
				GCC_WARN_UNUSED_FUNCTION = YES;
				GCC_WARN_UNUSED_VARIABLE = YES;
				IPHONEOS_DEPLOYMENT_TARGET = 12.1;
				MTL_ENABLE_DEBUG_INFO = NO;
				MTL_FAST_MATH = YES;
				SDKROOT = iphoneos;
				SWIFT_COMPILATION_MODE = wholemodule;
				SWIFT_OPTIMIZATION_LEVEL = "-O";
				VALIDATE_PRODUCT = YES;
			};
			name = Release;
		};
		84C5F68C2262477B0090B87B /* Debug */ = {
			isa = XCBuildConfiguration;
			buildSettings = {
				ASSETCATALOG_COMPILER_APPICON_NAME = AppIcon;
				CODE_SIGN_STYLE = Automatic;
				DEVELOPMENT_TEAM = S2BEC8V882;
				INFOPLIST_FILE = SolsticeSwift4/Info.plist;
				LD_RUNPATH_SEARCH_PATHS = (
					"$(inherited)",
					"@executable_path/Frameworks",
				);
				PRODUCT_BUNDLE_IDENTIFIER = ddg.SolsticeSwift4;
				PRODUCT_NAME = "$(TARGET_NAME)";
				SWIFT_VERSION = 4.2;
				TARGETED_DEVICE_FAMILY = "1,2";
			};
			name = Debug;
		};
		84C5F68D2262477B0090B87B /* Release */ = {
			isa = XCBuildConfiguration;
			buildSettings = {
				ASSETCATALOG_COMPILER_APPICON_NAME = AppIcon;
				CODE_SIGN_STYLE = Automatic;
				DEVELOPMENT_TEAM = S2BEC8V882;
				INFOPLIST_FILE = SolsticeSwift4/Info.plist;
				LD_RUNPATH_SEARCH_PATHS = (
					"$(inherited)",
					"@executable_path/Frameworks",
				);
				PRODUCT_BUNDLE_IDENTIFIER = ddg.SolsticeSwift4;
				PRODUCT_NAME = "$(TARGET_NAME)";
				SWIFT_VERSION = 4.2;
				TARGETED_DEVICE_FAMILY = "1,2";
			};
			name = Release;
		};
		84C5F68F2262477B0090B87B /* Debug */ = {
			isa = XCBuildConfiguration;
			buildSettings = {
				ALWAYS_EMBED_SWIFT_STANDARD_LIBRARIES = YES;
				BUNDLE_LOADER = "$(TEST_HOST)";
				CODE_SIGN_STYLE = Automatic;
				DEVELOPMENT_TEAM = S2BEC8V882;
				INFOPLIST_FILE = SolsticeSwift4Tests/Info.plist;
				LD_RUNPATH_SEARCH_PATHS = (
					"$(inherited)",
					"@executable_path/Frameworks",
					"@loader_path/Frameworks",
				);
				PRODUCT_BUNDLE_IDENTIFIER = ddg.SolsticeSwift4Tests;
				PRODUCT_NAME = "$(TARGET_NAME)";
				SWIFT_VERSION = 4.2;
				TARGETED_DEVICE_FAMILY = "1,2";
				TEST_HOST = "$(BUILT_PRODUCTS_DIR)/SolsticeSwift4.app/SolsticeSwift4";
			};
			name = Debug;
		};
		84C5F6902262477B0090B87B /* Release */ = {
			isa = XCBuildConfiguration;
			buildSettings = {
				ALWAYS_EMBED_SWIFT_STANDARD_LIBRARIES = YES;
				BUNDLE_LOADER = "$(TEST_HOST)";
				CODE_SIGN_STYLE = Automatic;
				DEVELOPMENT_TEAM = S2BEC8V882;
				INFOPLIST_FILE = SolsticeSwift4Tests/Info.plist;
				LD_RUNPATH_SEARCH_PATHS = (
					"$(inherited)",
					"@executable_path/Frameworks",
					"@loader_path/Frameworks",
				);
				PRODUCT_BUNDLE_IDENTIFIER = ddg.SolsticeSwift4Tests;
				PRODUCT_NAME = "$(TARGET_NAME)";
				SWIFT_VERSION = 4.2;
				TARGETED_DEVICE_FAMILY = "1,2";
				TEST_HOST = "$(BUILT_PRODUCTS_DIR)/SolsticeSwift4.app/SolsticeSwift4";
			};
			name = Release;
		};
/* End XCBuildConfiguration section */

/* Begin XCConfigurationList section */
		84C5F669226247710090B87B /* Build configuration list for PBXProject "SolsticeSwift4" */ = {
			isa = XCConfigurationList;
			buildConfigurations = (
				84C5F6892262477B0090B87B /* Debug */,
				84C5F68A2262477B0090B87B /* Release */,
			);
			defaultConfigurationIsVisible = 0;
			defaultConfigurationName = Release;
		};
		84C5F68B2262477B0090B87B /* Build configuration list for PBXNativeTarget "SolsticeSwift4" */ = {
			isa = XCConfigurationList;
			buildConfigurations = (
				84C5F68C2262477B0090B87B /* Debug */,
				84C5F68D2262477B0090B87B /* Release */,
			);
			defaultConfigurationIsVisible = 0;
			defaultConfigurationName = Release;
		};
		84C5F68E2262477B0090B87B /* Build configuration list for PBXNativeTarget "SolsticeSwift4Tests" */ = {
			isa = XCConfigurationList;
			buildConfigurations = (
				84C5F68F2262477B0090B87B /* Debug */,
				84C5F6902262477B0090B87B /* Release */,
			);
			defaultConfigurationIsVisible = 0;
			defaultConfigurationName = Release;
		};
/* End XCConfigurationList section */
	};
	rootObject = 84C5F666226247710090B87B /* Project object */;
}
